
Microsoft Visual Studio Solution File, Format Version 12.00
# Visual Studio Version 17
VisualStudioVersion = 17.0.31903.59
MinimumVisualStudioVersion = 10.0.40219.1
Project("{2150E333-8FDC-42A3-9474-1A3956D46DE8}") = "src", "src", "{827E0CD3-B72D-47B6-A68D-7590B98EB39B}"
EndProject
Project("{FAE04EC0-301F-11D3-BF4B-00C04F79EFBC}") = "TodoApp.Domain", "src\TodoApp.Domain\TodoApp.Domain.csproj", "{8204508F-7506-4CA4-9083-44F02796EFD8}"
EndProject
Project("{FAE04EC0-301F-11D3-BF4B-00C04F79EFBC}") = "TodoApp.Application", "src\TodoApp.Application\TodoApp.Application.csproj", "{0821FEA0-C35B-4682-817A-604BFC6823D0}"
EndProject
Project("{FAE04EC0-301F-11D3-BF4B-00C04F79EFBC}") = "TodoApp.Infrastructure", "src\TodoApp.Infrastructure\TodoApp.Infrastructure.csproj", "{A60FF28D-72F3-46A8-A58D-F39852A56CA2}"
EndProject
Project("{FAE04EC0-301F-11D3-BF4B-00C04F79EFBC}") = "TodoApp.Api", "src\TodoApp.Api\TodoApp.Api.csproj", "{3C6AFFAA-8617-442A-AB83-E7E1E4AF665C}"
EndProject
Project("{2150E333-8FDC-42A3-9474-1A3956D46DE8}") = "tests", "tests", "{0AB3BF05-4346-4AA6-1389-037BE0695223}"
EndProject
Project("{FAE04EC0-301F-11D3-BF4B-00C04F79EFBC}") = "TodoApp.Domain.Tests", "tests\TodoApp.Domain.Tests\TodoApp.Domain.Tests.csproj", "{F54C0A7F-21E4-4B63-B5E2-DFFF62217E4D}"
EndProject
Project("{FAE04EC0-301F-11D3-BF4B-00C04F79EFBC}") = "TodoApp.Application.Tests", "tests\TodoApp.Application.Tests\TodoApp.Application.Tests.csproj", "{6E88A626-3D92-4301-9910-81D3CA6EA06C}"
EndProject
Project("{FAE04EC0-301F-11D3-BF4B-00C04F79EFBC}") = "TodoApp.IntegrationTests", "tests\TodoApp.IntegrationTests\TodoApp.IntegrationTests.csproj", "{E36B4188-ED02-48C7-BF97-B9909053EF38}"
EndProject
Global
	GlobalSection(SolutionConfigurationPlatforms) = preSolution
		Debug|Any CPU = Debug|Any CPU
		Debug|x64 = Debug|x64
		Debug|x86 = Debug|x86
		Release|Any CPU = Release|Any CPU
		Release|x64 = Release|x64
		Release|x86 = Release|x86
	EndGlobalSection
	GlobalSection(ProjectConfigurationPlatforms) = postSolution
		{8204508F-7506-4CA4-9083-44F02796EFD8}.Debug|Any CPU.ActiveCfg = Debug|Any CPU
		{8204508F-7506-4CA4-9083-44F02796EFD8}.Debug|Any CPU.Build.0 = Debug|Any CPU
		{8204508F-7506-4CA4-9083-44F02796EFD8}.Debug|x64.ActiveCfg = Debug|Any CPU
		{8204508F-7506-4CA4-9083-44F02796EFD8}.Debug|x64.Build.0 = Debug|Any CPU
		{8204508F-7506-4CA4-9083-44F02796EFD8}.Debug|x86.ActiveCfg = Debug|Any CPU
		{8204508F-7506-4CA4-9083-44F02796EFD8}.Debug|x86.Build.0 = Debug|Any CPU
		{8204508F-7506-4CA4-9083-44F02796EFD8}.Release|Any CPU.ActiveCfg = Release|Any CPU
		{8204508F-7506-4CA4-9083-44F02796EFD8}.Release|Any CPU.Build.0 = Release|Any CPU
		{8204508F-7506-4CA4-9083-44F02796EFD8}.Release|x64.ActiveCfg = Release|Any CPU
		{8204508F-7506-4CA4-9083-44F02796EFD8}.Release|x64.Build.0 = Release|Any CPU
		{8204508F-7506-4CA4-9083-44F02796EFD8}.Release|x86.ActiveCfg = Release|Any CPU
		{8204508F-7506-4CA4-9083-44F02796EFD8}.Release|x86.Build.0 = Release|Any CPU
		{0821FEA0-C35B-4682-817A-604BFC6823D0}.Debug|Any CPU.ActiveCfg = Debug|Any CPU
		{0821FEA0-C35B-4682-817A-604BFC6823D0}.Debug|Any CPU.Build.0 = Debug|Any CPU
		{0821FEA0-C35B-4682-817A-604BFC6823D0}.Debug|x64.ActiveCfg = Debug|Any CPU
		{0821FEA0-C35B-4682-817A-604BFC6823D0}.Debug|x64.Build.0 = Debug|Any CPU
		{0821FEA0-C35B-4682-817A-604BFC6823D0}.Debug|x86.ActiveCfg = Debug|Any CPU
		{0821FEA0-C35B-4682-817A-604BFC6823D0}.Debug|x86.Build.0 = Debug|Any CPU
		{0821FEA0-C35B-4682-817A-604BFC6823D0}.Release|Any CPU.ActiveCfg = Release|Any CPU
		{0821FEA0-C35B-4682-817A-604BFC6823D0}.Release|Any CPU.Build.0 = Release|Any CPU
		{0821FEA0-C35B-4682-817A-604BFC6823D0}.Release|x64.ActiveCfg = Release|Any CPU
		{0821FEA0-C35B-4682-817A-604BFC6823D0}.Release|x64.Build.0 = Release|Any CPU
		{0821FEA0-C35B-4682-817A-604BFC6823D0}.Release|x86.ActiveCfg = Release|Any CPU
		{0821FEA0-C35B-4682-817A-604BFC6823D0}.Release|x86.Build.0 = Release|Any CPU
		{A60FF28D-72F3-46A8-A58D-F39852A56CA2}.Debug|Any CPU.ActiveCfg = Debug|Any CPU
		{A60FF28D-72F3-46A8-A58D-F39852A56CA2}.Debug|Any CPU.Build.0 = Debug|Any CPU
		{A60FF28D-72F3-46A8-A58D-F39852A56CA2}.Debug|x64.ActiveCfg = Debug|Any CPU
		{A60FF28D-72F3-46A8-A58D-F39852A56CA2}.Debug|x64.Build.0 = Debug|Any CPU
		{A60FF28D-72F3-46A8-A58D-F39852A56CA2}.Debug|x86.ActiveCfg = Debug|Any CPU
		{A60FF28D-72F3-46A8-A58D-F39852A56CA2}.Debug|x86.Build.0 = Debug|Any CPU
		{A60FF28D-72F3-46A8-A58D-F39852A56CA2}.Release|Any CPU.ActiveCfg = Release|Any CPU
		{A60FF28D-72F3-46A8-A58D-F39852A56CA2}.Release|Any CPU.Build.0 = Release|Any CPU
		{A60FF28D-72F3-46A8-A58D-F39852A56CA2}.Release|x64.ActiveCfg = Release|Any CPU
		{A60FF28D-72F3-46A8-A58D-F39852A56CA2}.Release|x64.Build.0 = Release|Any CPU
		{A60FF28D-72F3-46A8-A58D-F39852A56CA2}.Release|x86.ActiveCfg = Release|Any CPU
		{A60FF28D-72F3-46A8-A58D-F39852A56CA2}.Release|x86.Build.0 = Release|Any CPU
		{3C6AFFAA-8617-442A-AB83-E7E1E4AF665C}.Debug|Any CPU.ActiveCfg = Debug|Any CPU
		{3C6AFFAA-8617-442A-AB83-E7E1E4AF665C}.Debug|Any CPU.Build.0 = Debug|Any CPU
		{3C6AFFAA-8617-442A-AB83-E7E1E4AF665C}.Debug|x64.ActiveCfg = Debug|Any CPU
		{3C6AFFAA-8617-442A-AB83-E7E1E4AF665C}.Debug|x64.Build.0 = Debug|Any CPU
		{3C6AFFAA-8617-442A-AB83-E7E1E4AF665C}.Debug|x86.ActiveCfg = Debug|Any CPU
		{3C6AFFAA-8617-442A-AB83-E7E1E4AF665C}.Debug|x86.Build.0 = Debug|Any CPU
		{3C6AFFAA-8617-442A-AB83-E7E1E4AF665C}.Release|Any CPU.ActiveCfg = Release|Any CPU
		{3C6AFFAA-8617-442A-AB83-E7E1E4AF665C}.Release|Any CPU.Build.0 = Release|Any CPU
		{3C6AFFAA-8617-442A-AB83-E7E1E4AF665C}.Release|x64.ActiveCfg = Release|Any CPU
		{3C6AFFAA-8617-442A-AB83-E7E1E4AF665C}.Release|x64.Build.0 = Release|Any CPU
		{3C6AFFAA-8617-442A-AB83-E7E1E4AF665C}.Release|x86.ActiveCfg = Release|Any CPU
		{3C6AFFAA-8617-442A-AB83-E7E1E4AF665C}.Release|x86.Build.0 = Release|Any CPU
		{F54C0A7F-21E4-4B63-B5E2-DFFF62217E4D}.Debug|Any CPU.ActiveCfg = Debug|Any CPU
		{F54C0A7F-21E4-4B63-B5E2-DFFF62217E4D}.Debug|Any CPU.Build.0 = Debug|Any CPU
		{F54C0A7F-21E4-4B63-B5E2-DFFF62217E4D}.Debug|x64.ActiveCfg = Debug|Any CPU
		{F54C0A7F-21E4-4B63-B5E2-DFFF62217E4D}.Debug|x64.Build.0 = Debug|Any CPU
		{F54C0A7F-21E4-4B63-B5E2-DFFF62217E4D}.Debug|x86.ActiveCfg = Debug|Any CPU
		{F54C0A7F-21E4-4B63-B5E2-DFFF62217E4D}.Debug|x86.Build.0 = Debug|Any CPU
		{F54C0A7F-21E4-4B63-B5E2-DFFF62217E4D}.Release|Any CPU.ActiveCfg = Release|Any CPU
		{F54C0A7F-21E4-4B63-B5E2-DFFF62217E4D}.Release|Any CPU.Build.0 = Release|Any CPU
		{F54C0A7F-21E4-4B63-B5E2-DFFF62217E4D}.Release|x64.ActiveCfg = Release|Any CPU
		{F54C0A7F-21E4-4B63-B5E2-DFFF62217E4D}.Release|x64.Build.0 = Release|Any CPU
		{F54C0A7F-21E4-4B63-B5E2-DFFF62217E4D}.Release|x86.ActiveCfg = Release|Any CPU
		{F54C0A7F-21E4-4B63-B5E2-DFFF62217E4D}.Release|x86.Build.0 = Release|Any CPU
		{6E88A626-3D92-4301-9910-81D3CA6EA06C}.Debug|Any CPU.ActiveCfg = Debug|Any CPU
		{6E88A626-3D92-4301-9910-81D3CA6EA06C}.Debug|Any CPU.Build.0 = Debug|Any CPU
		{6E88A626-3D92-4301-9910-81D3CA6EA06C}.Debug|x64.ActiveCfg = Debug|Any CPU
		{6E88A626-3D92-4301-9910-81D3CA6EA06C}.Debug|x64.Build.0 = Debug|Any CPU
		{6E88A626-3D92-4301-9910-81D3CA6EA06C}.Debug|x86.ActiveCfg = Debug|Any CPU
		{6E88A626-3D92-4301-9910-81D3CA6EA06C}.Debug|x86.Build.0 = Debug|Any CPU
		{6E88A626-3D92-4301-9910-81D3CA6EA06C}.Release|Any CPU.ActiveCfg = Release|Any CPU
		{6E88A626-3D92-4301-9910-81D3CA6EA06C}.Release|Any CPU.Build.0 = Release|Any CPU
		{6E88A626-3D92-4301-9910-81D3CA6EA06C}.Release|x64.ActiveCfg = Release|Any CPU
		{6E88A626-3D92-4301-9910-81D3CA6EA06C}.Release|x64.Build.0 = Release|Any CPU
		{6E88A626-3D92-4301-9910-81D3CA6EA06C}.Release|x86.ActiveCfg = Release|Any CPU
		{6E88A626-3D92-4301-9910-81D3CA6EA06C}.Release|x86.Build.0 = Release|Any CPU
		{E36B4188-ED02-48C7-BF97-B9909053EF38}.Debug|Any CPU.ActiveCfg = Debug|Any CPU
		{E36B4188-ED02-48C7-BF97-B9909053EF38}.Debug|Any CPU.Build.0 = Debug|Any CPU
		{E36B4188-ED02-48C7-BF97-B9909053EF38}.Debug|x64.ActiveCfg = Debug|Any CPU
		{E36B4188-ED02-48C7-BF97-B9909053EF38}.Debug|x64.Build.0 = Debug|Any CPU
		{E36B4188-ED02-48C7-BF97-B9909053EF38}.Debug|x86.ActiveCfg = Debug|Any CPU
		{E36B4188-ED02-48C7-BF97-B9909053EF38}.Debug|x86.Build.0 = Debug|Any CPU
		{E36B4188-ED02-48C7-BF97-B9909053EF38}.Release|Any CPU.ActiveCfg = Release|Any CPU
		{E36B4188-ED02-48C7-BF97-B9909053EF38}.Release|Any CPU.Build.0 = Release|Any CPU
		{E36B4188-ED02-48C7-BF97-B9909053EF38}.Release|x64.ActiveCfg = Release|Any CPU
		{E36B4188-ED02-48C7-BF97-B9909053EF38}.Release|x64.Build.0 = Release|Any CPU
		{E36B4188-ED02-48C7-BF97-B9909053EF38}.Release|x86.ActiveCfg = Release|Any CPU
		{E36B4188-ED02-48C7-BF97-B9909053EF38}.Release|x86.Build.0 = Release|Any CPU
	EndGlobalSection
	GlobalSection(SolutionProperties) = preSolution
		HideSolutionNode = FALSE
	EndGlobalSection
	GlobalSection(NestedProjects) = preSolution
		{8204508F-7506-4CA4-9083-44F02796EFD8} = {827E0CD3-B72D-47B6-A68D-7590B98EB39B}
		{0821FEA0-C35B-4682-817A-604BFC6823D0} = {827E0CD3-B72D-47B6-A68D-7590B98EB39B}
		{A60FF28D-72F3-46A8-A58D-F39852A56CA2} = {827E0CD3-B72D-47B6-A68D-7590B98EB39B}
		{3C6AFFAA-8617-442A-AB83-E7E1E4AF665C} = {827E0CD3-B72D-47B6-A68D-7590B98EB39B}
		{F54C0A7F-21E4-4B63-B5E2-DFFF62217E4D} = {0AB3BF05-4346-4AA6-1389-037BE0695223}
		{6E88A626-3D92-4301-9910-81D3CA6EA06C} = {0AB3BF05-4346-4AA6-1389-037BE0695223}
		{E36B4188-ED02-48C7-BF97-B9909053EF38} = {0AB3BF05-4346-4AA6-1389-037BE0695223}
	EndGlobalSection
EndGlobal
